// !$*UTF8*$!
{
	archiveVersion = 1;
	classes = {
	};
	objectVersion = 50;
	objects = {

/* Begin PBXBuildFile section */
		D95672E2246104A40022FD6E /* AppDelegate.swift in Sources */ = {isa = PBXBuildFile; fileRef = D95672E1246104A40022FD6E /* AppDelegate.swift */; };
		D95672E4246104A40022FD6E /* SceneDelegate.swift in Sources */ = {isa = PBXBuildFile; fileRef = D95672E3246104A40022FD6E /* SceneDelegate.swift */; };
		D95672E6246104A40022FD6E /* ViewController.swift in Sources */ = {isa = PBXBuildFile; fileRef = D95672E5246104A40022FD6E /* ViewController.swift */; };
		D95672E9246104A40022FD6E /* Main.storyboard in Resources */ = {isa = PBXBuildFile; fileRef = D95672E7246104A40022FD6E /* Main.storyboard */; };
		D95672EB246104A60022FD6E /* Assets.xcassets in Resources */ = {isa = PBXBuildFile; fileRef = D95672EA246104A60022FD6E /* Assets.xcassets */; };
		D95672EE246104A60022FD6E /* LaunchScreen.storyboard in Resources */ = {isa = PBXBuildFile; fileRef = D95672EC246104A60022FD6E /* LaunchScreen.storyboard */; };
/* End PBXBuildFile section */

/* Begin PBXFileReference section */
		D95672DE246104A30022FD6E /* SWOOSH-APP.app */ = {isa = PBXFileReference; explicitFileType = wrapper.application; includeInIndex = 0; path = "SWOOSH-APP.app"; sourceTree = BUILT_PRODUCTS_DIR; };
		D95672E1246104A40022FD6E /* AppDelegate.swift */ = {isa = PBXFileReference; lastKnownFileType = sourcecode.swift; path = AppDelegate.swift; sourceTree = "<group>"; };
		D95672E3246104A40022FD6E /* SceneDelegate.swift */ = {isa = PBXFileReference; lastKnownFileType = sourcecode.swift; path = SceneDelegate.swift; sourceTree = "<group>"; };
		D95672E5246104A40022FD6E /* ViewController.swift */ = {isa = PBXFileReference; lastKnownFileType = sourcecode.swift; path = ViewController.swift; sourceTree = "<group>"; };
		D95672E8246104A40022FD6E /* Base */ = {isa = PBXFileReference; lastKnownFileType = file.storyboard; name = Base; path = Base.lproj/Main.storyboard; sourceTree = "<group>"; };
		D95672EA246104A60022FD6E /* Assets.xcassets */ = {isa = PBXFileReference; lastKnownFileType = folder.assetcatalog; path = Assets.xcassets; sourceTree = "<group>"; };
		D95672ED246104A60022FD6E /* Base */ = {isa = PBXFileReference; lastKnownFileType = file.storyboard; name = Base; path = Base.lproj/LaunchScreen.storyboard; sourceTree = "<group>"; };
		D95672EF246104A60022FD6E /* Info.plist */ = {isa = PBXFileReference; lastKnownFileType = text.plist.xml; path = Info.plist; sourceTree = "<group>"; };
/* End PBXFileReference section */

/* Begin PBXFrameworksBuildPhase section */
		D95672DB246104A30022FD6E /* Frameworks */ = {
			isa = PBXFrameworksBuildPhase;
			buildActionMask = 2147483647;
			files = (
			);
			runOnlyForDeploymentPostprocessing = 0;
		};
/* End PBXFrameworksBuildPhase section */

/* Begin PBXGroup section */
		D95672D5246104A30022FD6E = {
			isa = PBXGroup;
			children = (
				D95672E0246104A30022FD6E /* SWOOSH-APP */,
				D95672DF246104A30022FD6E /* Products */,
			);
			sourceTree = "<group>";
		};
		D95672DF246104A30022FD6E /* Products */ = {
			isa = PBXGroup;
			children = (
				D95672DE246104A30022FD6E /* SWOOSH-APP.app */,
			);
			name = Products;
			sourceTree = "<group>";
		};
		D95672E0246104A30022FD6E /* SWOOSH-APP */ = {
			isa = PBXGroup;
			children = (
				D95672E1246104A40022FD6E /* AppDelegate.swift */,
				D95672E3246104A40022FD6E /* SceneDelegate.swift */,
				D95672E5246104A40022FD6E /* ViewController.swift */,
				D95672E7246104A40022FD6E /* Main.storyboard */,
				D95672EA246104A60022FD6E /* Assets.xcassets */,
				D95672EC246104A60022FD6E /* LaunchScreen.storyboard */,
				D95672EF246104A60022FD6E /* Info.plist */,
			);
			path = "SWOOSH-APP";
			sourceTree = "<group>";
		};
/* End PBXGroup section */

/* Begin PBXNativeTarget section */
		D95672DD246104A30022FD6E /* SWOOSH-APP */ = {
			isa = PBXNativeTarget;
			buildConfigurationList = D95672F2246104A60022FD6E /* Build configuration list for PBXNativeTarget "SWOOSH-APP" */;
			buildPhases = (
				D95672DA246104A30022FD6E /* Sources */,
				D95672DB246104A30022FD6E /* Frameworks */,
				D95672DC246104A30022FD6E /* Resources */,
			);
			buildRules = (
			);
			dependencies = (
			);
			name = "SWOOSH-APP";
			productName = "SWOOSH-APP";
			productReference = D95672DE246104A30022FD6E /* SWOOSH-APP.app */;
			productType = "com.apple.product-type.application";
		};
/* End PBXNativeTarget section */

/* Begin PBXProject section */
		D95672D6246104A30022FD6E /* Project object */ = {
			isa = PBXProject;
			attributes = {
				LastSwiftUpdateCheck = 1130;
				LastUpgradeCheck = 1130;
				ORGANIZATIONNAME = "Ravneet kaur";
				TargetAttributes = {
					D95672DD246104A30022FD6E = {
						CreatedOnToolsVersion = 11.3.1;
					};
				};
			};
			buildConfigurationList = D95672D9246104A30022FD6E /* Build configuration list for PBXProject "SWOOSH-APP" */;
			compatibilityVersion = "Xcode 9.3";
			developmentRegion = en;
			hasScannedForEncodings = 0;
			knownRegions = (
				en,
				Base,
			);
			mainGroup = D95672D5246104A30022FD6E;
			productRefGroup = D95672DF246104A30022FD6E /* Products */;
			projectDirPath = "";
			projectRoot = "";
			targets = (
				D95672DD246104A30022FD6E /* SWOOSH-APP */,
			);
		};
/* End PBXProject section */

/* Begin PBXResourcesBuildPhase section */
		D95672DC246104A30022FD6E /* Resources */ = {
			isa = PBXResourcesBuildPhase;
			buildActionMask = 2147483647;
			files = (
				D95672EE246104A60022FD6E /* LaunchScreen.storyboard in Resources */,
				D95672EB246104A60022FD6E /* Assets.xcassets in Resources */,
				D95672E9246104A40022FD6E /* Main.storyboard in Resources */,
			);
			runOnlyForDeploymentPostprocessing = 0;
		};
/* End PBXResourcesBuildPhase section */

/* Begin PBXSourcesBuildPhase section */
		D95672DA246104A30022FD6E /* Sources */ = {
			isa = PBXSourcesBuildPhase;
			buildActionMask = 2147483647;
			files = (
				D95672E6246104A40022FD6E /* ViewController.swift in Sources */,
				D95672E2246104A40022FD6E /* AppDelegate.swift in Sources */,
				D95672E4246104A40022FD6E /* SceneDelegate.swift in Sources */,
			);
			runOnlyForDeploymentPostprocessing = 0;
		};
/* End PBXSourcesBuildPhase section */

/* Begin PBXVariantGroup section */
		D95672E7246104A40022FD6E /* Main.storyboard */ = {
			isa = PBXVariantGroup;
			children = (
				D95672E8246104A40022FD6E /* Base */,
			);
			name = Main.storyboard;
			sourceTree = "<group>";
		};
		D95672EC246104A60022FD6E /* LaunchScreen.storyboard */ = {
			isa = PBXVariantGroup;
			children = (
				D95672ED246104A60022FD6E /* Base */,
			);
			name = LaunchScreen.storyboard;
			sourceTree = "<group>";
		};
/* End PBXVariantGroup section */

/* Begin XCBuildConfiguration section */
		D95672F0246104A60022FD6E /* Debug */ = {
			isa = XCBuildConfiguration;
			buildSettings = {
				ALWAYS_SEARCH_USER_PATHS = NO;
				CLANG_ANALYZER_NONNULL = YES;
				CLANG_ANALYZER_NUMBER_OBJECT_CONVERSION = YES_AGGRESSIVE;
				CLANG_CXX_LANGUAGE_STANDARD = "gnu++14";
				CLANG_CXX_LIBRARY = "libc++";
				CLANG_ENABLE_MODULES = YES;
				CLANG_ENABLE_OBJC_ARC = YES;
				CLANG_ENABLE_OBJC_WEAK = YES;
				CLANG_WARN_BLOCK_CAPTURE_AUTORELEASING = YES;
				CLANG_WARN_BOOL_CONVERSION = YES;
				CLANG_WARN_COMMA = YES;
				CLANG_WARN_CONSTANT_CONVERSION = YES;
				CLANG_WARN_DEPRECATED_OBJC_IMPLEMENTATIONS = YES;
				CLANG_WARN_DIRECT_OBJC_ISA_USAGE = YES_ERROR;
				CLANG_WARN_DOCUMENTATION_COMMENTS = YES;
				CLANG_WARN_EMPTY_BODY = YES;
				CLANG_WARN_ENUM_CONVERSION = YES;
				CLANG_WARN_INFINITE_RECURSION = YES;
				CLANG_WARN_INT_CONVERSION = YES;
				CLANG_WARN_NON_LITERAL_NULL_CONVERSION = YES;
				CLANG_WARN_OBJC_IMPLICIT_RETAIN_SELF = YES;
				CLANG_WARN_OBJC_LITERAL_CONVERSION = YES;
				CLANG_WARN_OBJC_ROOT_CLASS = YES_ERROR;
				CLANG_WARN_RANGE_LOOP_ANALYSIS = YES;
				CLANG_WARN_STRICT_PROTOTYPES = YES;
				CLANG_WARN_SUSPICIOUS_MOVE = YES;
				CLANG_WARN_UNGUARDED_AVAILABILITY = YES_AGGRESSIVE;
				CLANG_WARN_UNREACHABLE_CODE = YES;
				CLANG_WARN__DUPLICATE_METHOD_MATCH = YES;
				COPY_PHASE_STRIP = NO;
				DEBUG_INFORMATION_FORMAT = dwarf;
				ENABLE_STRICT_OBJC_MSGSEND = YES;
				ENABLE_TESTABILITY = YES;
				GCC_C_LANGUAGE_STANDARD = gnu11;
				GCC_DYNAMIC_NO_PIC = NO;
				GCC_NO_COMMON_BLOCKS = YES;
				GCC_OPTIMIZATION_LEVEL = 0;
				GCC_PREPROCESSOR_DEFINITIONS = (
					"DEBUG=1",
					"$(inherited)",
				);
				GCC_WARN_64_TO_32_BIT_CONVERSION = YES;
				GCC_WARN_ABOUT_RETURN_TYPE = YES_ERROR;
				GCC_WARN_UNDECLARED_SELECTOR = YES;
				GCC_WARN_UNINITIALIZED_AUTOS = YES_AGGRESSIVE;
				GCC_WARN_UNUSED_FUNCTION = YES;
				GCC_WARN_UNUSED_VARIABLE = YES;
				IPHONEOS_DEPLOYMENT_TARGET = 13.2;
				MTL_ENABLE_DEBUG_INFO = INCLUDE_SOURCE;
				MTL_FAST_MATH = YES;
				ONLY_ACTIVE_ARCH = YES;
				SDKROOT = iphoneos;
				SWIFT_ACTIVE_COMPILATION_CONDITIONS = DEBUG;
				SWIFT_OPTIMIZATION_LEVEL = "-Onone";
			};
			name = Debug;
		};
		D95672F1246104A60022FD6E /* Release */ = {
			isa = XCBuildConfiguration;
			buildSettings = {
				ALWAYS_SEARCH_USER_PATHS = NO;
				CLANG_ANALYZER_NONNULL = YES;
				CLANG_ANALYZER_NUMBER_OBJECT_CONVERSION = YES_AGGRESSIVE;
				CLANG_CXX_LANGUAGE_STANDARD = "gnu++14";
				CLANG_CXX_LIBRARY = "libc++";
				CLANG_ENABLE_MODULES = YES;
				CLANG_ENABLE_OBJC_ARC = YES;
				CLANG_ENABLE_OBJC_WEAK = YES;
				CLANG_WARN_BLOCK_CAPTURE_AUTORELEASING = YES;
				CLANG_WARN_BOOL_CONVERSION = YES;
				CLANG_WARN_COMMA = YES;
				CLANG_WARN_CONSTANT_CONVERSION = YES;
				CLANG_WARN_DEPRECATED_OBJC_IMPLEMENTATIONS = YES;
				CLANG_WARN_DIRECT_OBJC_ISA_USAGE = YES_ERROR;
				CLANG_WARN_DOCUMENTATION_COMMENTS = YES;
				CLANG_WARN_EMPTY_BODY = YES;
				CLANG_WARN_ENUM_CONVERSION = YES;
				CLANG_WARN_INFINITE_RECURSION = YES;
				CLANG_WARN_INT_CONVERSION = YES;
				CLANG_WARN_NON_LITERAL_NULL_CONVERSION = YES;
				CLANG_WARN_OBJC_IMPLICIT_RETAIN_SELF = YES;
				CLANG_WARN_OBJC_LITERAL_CONVERSION = YES;
				CLANG_WARN_OBJC_ROOT_CLASS = YES_ERROR;
				CLANG_WARN_RANGE_LOOP_ANALYSIS = YES;
				CLANG_WARN_STRICT_PROTOTYPES = YES;
				CLANG_WARN_SUSPICIOUS_MOVE = YES;
				CLANG_WARN_UNGUARDED_AVAILABILITY = YES_AGGRESSIVE;
				CLANG_WARN_UNREACHABLE_CODE = YES;
				CLANG_WARN__DUPLICATE_METHOD_MATCH = YES;
				COPY_PHASE_STRIP = NO;
				DEBUG_INFORMATION_FORMAT = "dwarf-with-dsym";
				ENABLE_NS_ASSERTIONS = NO;
				ENABLE_STRICT_OBJC_MSGSEND = YES;
				GCC_C_LANGUAGE_STANDARD = gnu11;
				GCC_NO_COMMON_BLOCKS = YES;
				GCC_WARN_64_TO_32_BIT_CONVERSION = YES;
				GCC_WARN_ABOUT_RETURN_TYPE = YES_ERROR;
				GCC_WARN_UNDECLARED_SELECTOR = YES;
				GCC_WARN_UNINITIALIZED_AUTOS = YES_AGGRESSIVE;
				GCC_WARN_UNUSED_FUNCTION = YES;
				GCC_WARN_UNUSED_VARIABLE = YES;
				IPHONEOS_DEPLOYMENT_TARGET = 13.2;
				MTL_ENABLE_DEBUG_INFO = NO;
				MTL_FAST_MATH = YES;
				SDKROOT = iphoneos;
				SWIFT_COMPILATION_MODE = wholemodule;
				SWIFT_OPTIMIZATION_LEVEL = "-O";
				VALIDATE_PRODUCT = YES;
			};
			name = Release;
		};
		D95672F3246104A60022FD6E /* Debug */ = {
			isa = XCBuildConfiguration;
			buildSettings = {
				ASSETCATALOG_COMPILER_APPICON_NAME = AppIcon;
				CODE_SIGN_STYLE = Automatic;
				INFOPLIST_FILE = "SWOOSH-APP/Info.plist";
				LD_RUNPATH_SEARCH_PATHS = (
					"$(inherited)",
					"@executable_path/Frameworks",
				);
				PRODUCT_BUNDLE_IDENTIFIER = "com.ravneetkaur.iosbasic.SWOOSH-APP";
				PRODUCT_NAME = "$(TARGET_NAME)";
				SWIFT_VERSION = 5.0;
				TARGETED_DEVICE_FAMILY = "1,2";
			};
			name = Debug;
		};
		D95672F4246104A60022FD6E /* Release */ = {
			isa = XCBuildConfiguration;
			buildSettings = {
				ASSETCATALOG_COMPILER_APPICON_NAME = AppIcon;
				CODE_SIGN_STYLE = Automatic;
				INFOPLIST_FILE = "SWOOSH-APP/Info.plist";
				LD_RUNPATH_SEARCH_PATHS = (
					"$(inherited)",
					"@executable_path/Frameworks",
				);
				PRODUCT_BUNDLE_IDENTIFIER = "com.ravneetkaur.iosbasic.SWOOSH-APP";
				PRODUCT_NAME = "$(TARGET_NAME)";
				SWIFT_VERSION = 5.0;
				TARGETED_DEVICE_FAMILY = "1,2";
			};
			name = Release;
		};
/* End XCBuildConfiguration section */

/* Begin XCConfigurationList section */
		D95672D9246104A30022FD6E /* Build configuration list for PBXProject "SWOOSH-APP" */ = {
			isa = XCConfigurationList;
			buildConfigurations = (
				D95672F0246104A60022FD6E /* Debug */,
				D95672F1246104A60022FD6E /* Release */,
			);
			defaultConfigurationIsVisible = 0;
			defaultConfigurationName = Release;
		};
		D95672F2246104A60022FD6E /* Build configuration list for PBXNativeTarget "SWOOSH-APP" */ = {
			isa = XCConfigurationList;
			buildConfigurations = (
				D95672F3246104A60022FD6E /* Debug */,
				D95672F4246104A60022FD6E /* Release */,
			);
			defaultConfigurationIsVisible = 0;
			defaultConfigurationName = Release;
		};
/* End XCConfigurationList section */
	};
	rootObject = D95672D6246104A30022FD6E /* Project object */;
}
